
Microsoft Visual Studio Solution File, Format Version 12.00
# Visual Studio Version 16
VisualStudioVersion = 16.0.29001.49
MinimumVisualStudioVersion = 10.0.40219.1
Project("{FAE04EC0-301F-11D3-BF4B-00C04F79EFBC}") = "StackAndQueue", "StackAndQueue\StackAndQueue.csproj", "{CCE6CE96-A05E-4998-A121-154CF0D8B77C}"
EndProject
Global
	GlobalSection(SolutionConfigurationPlatforms) = preSolution
		Debug|Any CPU = Debug|Any CPU
		Release|Any CPU = Release|Any CPU
	EndGlobalSection
	GlobalSection(ProjectConfigurationPlatforms) = postSolution
		{CCE6CE96-A05E-4998-A121-154CF0D8B77C}.Debug|Any CPU.ActiveCfg = Debug|Any CPU
		{CCE6CE96-A05E-4998-A121-154CF0D8B77C}.Debug|Any CPU.Build.0 = Debug|Any CPU
		{CCE6CE96-A05E-4998-A121-154CF0D8B77C}.Release|Any CPU.ActiveCfg = Release|Any CPU
		{CCE6CE96-A05E-4998-A121-154CF0D8B77C}.Release|Any CPU.Build.0 = Release|Any CPU
	EndGlobalSection
	GlobalSection(SolutionProperties) = preSolution
		HideSolutionNode = FALSE
	EndGlobalSection
	GlobalSection(ExtensibilityGlobals) = postSolution
		SolutionGuid = {42A58F8B-48A8-4140-AE9F-9FD54281A813}
	EndGlobalSection
EndGlobal
