
Microsoft Visual Studio Solution File, Format Version 12.00
# Visual Studio Version 16
VisualStudioVersion = 16.0.29001.49
MinimumVisualStudioVersion = 10.0.40219.1
Project("{FAE04EC0-301F-11D3-BF4B-00C04F79EFBC}") = "LinkedList", "LinkedList\LinkedList.csproj", "{3A9B1519-78E8-4938-BD65-0F1A6031238D}"
EndProject
Global
	GlobalSection(SolutionConfigurationPlatforms) = preSolution
		Debug|Any CPU = Debug|Any CPU
		Release|Any CPU = Release|Any CPU
	EndGlobalSection
	GlobalSection(ProjectConfigurationPlatforms) = postSolution
		{3A9B1519-78E8-4938-BD65-0F1A6031238D}.Debug|Any CPU.ActiveCfg = Debug|Any CPU
		{3A9B1519-78E8-4938-BD65-0F1A6031238D}.Debug|Any CPU.Build.0 = Debug|Any CPU
		{3A9B1519-78E8-4938-BD65-0F1A6031238D}.Release|Any CPU.ActiveCfg = Release|Any CPU
		{3A9B1519-78E8-4938-BD65-0F1A6031238D}.Release|Any CPU.Build.0 = Release|Any CPU
	EndGlobalSection
	GlobalSection(SolutionProperties) = preSolution
		HideSolutionNode = FALSE
	EndGlobalSection
	GlobalSection(ExtensibilityGlobals) = postSolution
		SolutionGuid = {03AF66D3-19F4-41EE-B831-F40E4F0369CA}
	EndGlobalSection
EndGlobal
