
Microsoft Visual Studio Solution File, Format Version 12.00
# Visual Studio Version 16
VisualStudioVersion = 16.0.29020.237
MinimumVisualStudioVersion = 10.0.40219.1
Project("{FAE04EC0-301F-11D3-BF4B-00C04F79EFBC}") = "LinkedListUnitTests", "LinkedListUnitTests\LinkedListUnitTests.csproj", "{C7D76347-B9FE-4185-99F2-3201CFB75E7E}"
EndProject
Global
	GlobalSection(SolutionConfigurationPlatforms) = preSolution
		Debug|Any CPU = Debug|Any CPU
		Release|Any CPU = Release|Any CPU
	EndGlobalSection
	GlobalSection(ProjectConfigurationPlatforms) = postSolution
		{C7D76347-B9FE-4185-99F2-3201CFB75E7E}.Debug|Any CPU.ActiveCfg = Debug|Any CPU
		{C7D76347-B9FE-4185-99F2-3201CFB75E7E}.Debug|Any CPU.Build.0 = Debug|Any CPU
		{C7D76347-B9FE-4185-99F2-3201CFB75E7E}.Release|Any CPU.ActiveCfg = Release|Any CPU
		{C7D76347-B9FE-4185-99F2-3201CFB75E7E}.Release|Any CPU.Build.0 = Release|Any CPU
	EndGlobalSection
	GlobalSection(SolutionProperties) = preSolution
		HideSolutionNode = FALSE
	EndGlobalSection
	GlobalSection(ExtensibilityGlobals) = postSolution
		SolutionGuid = {54BDA7E2-EEE6-4A6C-9BED-9762DBD1BE09}
	EndGlobalSection
EndGlobal
