
Microsoft Visual Studio Solution File, Format Version 12.00
# Visual Studio Version 16
VisualStudioVersion = 16.0.29020.237
MinimumVisualStudioVersion = 10.0.40219.1
Project("{FAE04EC0-301F-11D3-BF4B-00C04F79EFBC}") = "HashTable", "HashTable\HashTable.csproj", "{8D793DDE-BB74-4728-83A8-7849072F44DA}"
EndProject
Global
	GlobalSection(SolutionConfigurationPlatforms) = preSolution
		Debug|Any CPU = Debug|Any CPU
		Release|Any CPU = Release|Any CPU
	EndGlobalSection
	GlobalSection(ProjectConfigurationPlatforms) = postSolution
		{8D793DDE-BB74-4728-83A8-7849072F44DA}.Debug|Any CPU.ActiveCfg = Debug|Any CPU
		{8D793DDE-BB74-4728-83A8-7849072F44DA}.Debug|Any CPU.Build.0 = Debug|Any CPU
		{8D793DDE-BB74-4728-83A8-7849072F44DA}.Release|Any CPU.ActiveCfg = Release|Any CPU
		{8D793DDE-BB74-4728-83A8-7849072F44DA}.Release|Any CPU.Build.0 = Release|Any CPU
	EndGlobalSection
	GlobalSection(SolutionProperties) = preSolution
		HideSolutionNode = FALSE
	EndGlobalSection
	GlobalSection(ExtensibilityGlobals) = postSolution
		SolutionGuid = {E6FF2F24-1D2A-4CF7-AD68-1FACBE8F425A}
	EndGlobalSection
EndGlobal
