
Microsoft Visual Studio Solution File, Format Version 12.00
# Visual Studio Version 16
VisualStudioVersion = 16.0.29020.237
MinimumVisualStudioVersion = 10.0.40219.1
Project("{FAE04EC0-301F-11D3-BF4B-00C04F79EFBC}") = "Linked-List", "Linked-List\Linked-List.csproj", "{9E92B8B9-FAFA-404A-91A0-AF5FEC0D1714}"
EndProject
Global
	GlobalSection(SolutionConfigurationPlatforms) = preSolution
		Debug|Any CPU = Debug|Any CPU
		Release|Any CPU = Release|Any CPU
	EndGlobalSection
	GlobalSection(ProjectConfigurationPlatforms) = postSolution
		{9E92B8B9-FAFA-404A-91A0-AF5FEC0D1714}.Debug|Any CPU.ActiveCfg = Debug|Any CPU
		{9E92B8B9-FAFA-404A-91A0-AF5FEC0D1714}.Debug|Any CPU.Build.0 = Debug|Any CPU
		{9E92B8B9-FAFA-404A-91A0-AF5FEC0D1714}.Release|Any CPU.ActiveCfg = Release|Any CPU
		{9E92B8B9-FAFA-404A-91A0-AF5FEC0D1714}.Release|Any CPU.Build.0 = Release|Any CPU
	EndGlobalSection
	GlobalSection(SolutionProperties) = preSolution
		HideSolutionNode = FALSE
	EndGlobalSection
	GlobalSection(ExtensibilityGlobals) = postSolution
		SolutionGuid = {B2892426-D05D-4A70-A810-DD926E3C2D8A}
	EndGlobalSection
EndGlobal
