
Microsoft Visual Studio Solution File, Format Version 12.00
# Visual Studio Version 16
VisualStudioVersion = 16.0.29020.237
MinimumVisualStudioVersion = 10.0.40219.1
Project("{FAE04EC0-301F-11D3-BF4B-00C04F79EFBC}") = "Tree", "Tree\Tree.csproj", "{A90BF3F0-F6D2-4804-9DF8-5CB06CB0A1E7}"
EndProject
Global
	GlobalSection(SolutionConfigurationPlatforms) = preSolution
		Debug|Any CPU = Debug|Any CPU
		Release|Any CPU = Release|Any CPU
	EndGlobalSection
	GlobalSection(ProjectConfigurationPlatforms) = postSolution
		{A90BF3F0-F6D2-4804-9DF8-5CB06CB0A1E7}.Debug|Any CPU.ActiveCfg = Debug|Any CPU
		{A90BF3F0-F6D2-4804-9DF8-5CB06CB0A1E7}.Debug|Any CPU.Build.0 = Debug|Any CPU
		{A90BF3F0-F6D2-4804-9DF8-5CB06CB0A1E7}.Release|Any CPU.ActiveCfg = Release|Any CPU
		{A90BF3F0-F6D2-4804-9DF8-5CB06CB0A1E7}.Release|Any CPU.Build.0 = Release|Any CPU
	EndGlobalSection
	GlobalSection(SolutionProperties) = preSolution
		HideSolutionNode = FALSE
	EndGlobalSection
	GlobalSection(ExtensibilityGlobals) = postSolution
		SolutionGuid = {43347AEF-36E1-4B6F-8BEC-61AB3B64E3E9}
	EndGlobalSection
EndGlobal
