
Microsoft Visual Studio Solution File, Format Version 12.00
# Visual Studio Version 16
VisualStudioVersion = 16.0.29020.237
MinimumVisualStudioVersion = 10.0.40219.1
Project("{FAE04EC0-301F-11D3-BF4B-00C04F79EFBC}") = "InsertionSort", "InsertionSort\InsertionSort.csproj", "{82CB7AFB-EFEE-4EF1-89EE-3C9864D695F9}"
EndProject
Project("{FAE04EC0-301F-11D3-BF4B-00C04F79EFBC}") = "InsertionSortUnitTests", "InsertionSortUnitTests\InsertionSortUnitTests.csproj", "{DE43FC90-58DC-48BD-A174-ED5C5F6B4842}"
EndProject
Global
	GlobalSection(SolutionConfigurationPlatforms) = preSolution
		Debug|Any CPU = Debug|Any CPU
		Release|Any CPU = Release|Any CPU
	EndGlobalSection
	GlobalSection(ProjectConfigurationPlatforms) = postSolution
		{82CB7AFB-EFEE-4EF1-89EE-3C9864D695F9}.Debug|Any CPU.ActiveCfg = Debug|Any CPU
		{82CB7AFB-EFEE-4EF1-89EE-3C9864D695F9}.Debug|Any CPU.Build.0 = Debug|Any CPU
		{82CB7AFB-EFEE-4EF1-89EE-3C9864D695F9}.Release|Any CPU.ActiveCfg = Release|Any CPU
		{82CB7AFB-EFEE-4EF1-89EE-3C9864D695F9}.Release|Any CPU.Build.0 = Release|Any CPU
		{DE43FC90-58DC-48BD-A174-ED5C5F6B4842}.Debug|Any CPU.ActiveCfg = Debug|Any CPU
		{DE43FC90-58DC-48BD-A174-ED5C5F6B4842}.Debug|Any CPU.Build.0 = Debug|Any CPU
		{DE43FC90-58DC-48BD-A174-ED5C5F6B4842}.Release|Any CPU.ActiveCfg = Release|Any CPU
		{DE43FC90-58DC-48BD-A174-ED5C5F6B4842}.Release|Any CPU.Build.0 = Release|Any CPU
	EndGlobalSection
	GlobalSection(SolutionProperties) = preSolution
		HideSolutionNode = FALSE
	EndGlobalSection
	GlobalSection(ExtensibilityGlobals) = postSolution
		SolutionGuid = {09BFFD38-8320-4D05-B2A3-58185147D1C5}
	EndGlobalSection
EndGlobal
